
Microsoft Visual Studio Solution File, Format Version 12.00
Project("{FAE04EC0-301F-11D3-BF4B-00C04F79EFBC}") = "OthelloGame", "OthelloGame\OthelloGame.csproj", "{A0EC9916-0683-4E4A-B846-EAB0666121D8}"
EndProject
Project("{FAE04EC0-301F-11D3-BF4B-00C04F79EFBC}") = "UnitTests", "UnitTests\UnitTests.csproj", "{3E37795E-A3F8-4299-9852-0C2979B94E81}"
EndProject
Global
	GlobalSection(SolutionConfigurationPlatforms) = preSolution
		Debug|Any CPU = Debug|Any CPU
		Release|Any CPU = Release|Any CPU
	EndGlobalSection
	GlobalSection(ProjectConfigurationPlatforms) = postSolution
		{A0EC9916-0683-4E4A-B846-EAB0666121D8}.Debug|Any CPU.ActiveCfg = Debug|Any CPU
		{A0EC9916-0683-4E4A-B846-EAB0666121D8}.Debug|Any CPU.Build.0 = Debug|Any CPU
		{A0EC9916-0683-4E4A-B846-EAB0666121D8}.Release|Any CPU.ActiveCfg = Release|Any CPU
		{A0EC9916-0683-4E4A-B846-EAB0666121D8}.Release|Any CPU.Build.0 = Release|Any CPU
		{3E37795E-A3F8-4299-9852-0C2979B94E81}.Debug|Any CPU.ActiveCfg = Debug|Any CPU
		{3E37795E-A3F8-4299-9852-0C2979B94E81}.Debug|Any CPU.Build.0 = Debug|Any CPU
		{3E37795E-A3F8-4299-9852-0C2979B94E81}.Release|Any CPU.ActiveCfg = Release|Any CPU
		{3E37795E-A3F8-4299-9852-0C2979B94E81}.Release|Any CPU.Build.0 = Release|Any CPU
	EndGlobalSection
EndGlobal
